
Microsoft Visual Studio Solution File, Format Version 12.00
# Visual Studio Version 17
VisualStudioVersion = 17.5.002.0
MinimumVisualStudioVersion = 10.0.40219.1
Project("{9A19103F-16F7-4668-BE54-9A1E7A4F7556}") = "BlazorexTest", "BlazorexTest.csproj", "{BB628D59-486D-4579-9DCA-096C1CF95920}"
EndProject
Global
	GlobalSection(SolutionConfigurationPlatforms) = preSolution
		Debug|Any CPU = Debug|Any CPU
		Release|Any CPU = Release|Any CPU
	EndGlobalSection
	GlobalSection(ProjectConfigurationPlatforms) = postSolution
		{BB628D59-486D-4579-9DCA-096C1CF95920}.Debug|Any CPU.ActiveCfg = Debug|Any CPU
		{BB628D59-486D-4579-9DCA-096C1CF95920}.Debug|Any CPU.Build.0 = Debug|Any CPU
		{BB628D59-486D-4579-9DCA-096C1CF95920}.Release|Any CPU.ActiveCfg = Release|Any CPU
		{BB628D59-486D-4579-9DCA-096C1CF95920}.Release|Any CPU.Build.0 = Release|Any CPU
	EndGlobalSection
	GlobalSection(SolutionProperties) = preSolution
		HideSolutionNode = FALSE
	EndGlobalSection
	GlobalSection(ExtensibilityGlobals) = postSolution
		SolutionGuid = {E24D0D7C-E077-4D07-AF37-1C209130638F}
	EndGlobalSection
EndGlobal
